# Generated by buf. DO NOT EDIT.
version: v2
deps:
  - name: buf.build/cosmos/cosmos-proto
    commit: 1935555c206d4afb9e94615dfd0fad31
    digest: b5:0a29584117fe6433fa593d03fbda6b3964ddc59b986cd2277833ee01d4ac215a14b0286241462cd0dee6b460a108823dff5c7c42c9c1f4f7df861fcfa4bbebdf
  - name: buf.build/cosmos/ics23
    commit: 55085f7c710a45f58fa09947208eb70b
    digest: b5:ab3cb4080c6974b1dd378d3e5602ae86ab7396dff1f4f25c5298c9827519ef0329e4be0e4f5f2d8cf61b1925f0c627cdfcf64955414c453036be05cab56994f0
