# Generated by buf. DO NOT EDIT.
version: v2
deps:
  - name: buf.build/cosmos/cosmos-proto
    commit: 1935555c206d4afb9e94615dfd0fad31
    digest: b5:0a29584117fe6433fa593d03fbda6b3964ddc59b986cd2277833ee01d4ac215a14b0286241462cd0dee6b460a108823dff5c7c42c9c1f4f7df861fcfa4bbebdf
  - name: buf.build/cosmos/gogo-proto
    commit: 34d970b699f84aa382f3c29773a60836
    digest: b5:15d77a039fd9ab81ffb28ce9601eeb687840474dd11cf645341d50c1bba7f70b01acdf0e9781d09d42d0e4bcb720eac96451827b6cf24146e2a6b2bb3d65a96c
  - name: buf.build/cosmos/ics23
    commit: 55085f7c710a45f58fa09947208eb70b
    digest: b5:ab3cb4080c6974b1dd378d3e5602ae86ab7396dff1f4f25c5298c9827519ef0329e4be0e4f5f2d8cf61b1925f0c627cdfcf64955414c453036be05cab56994f0
  - name: buf.build/googleapis/googleapis
    commit: 8d7204855ec14631a499bd7393ce1970
    digest: b5:22594cafc33831df378a6448d5119bed98222314e7a63034167193473e8fa997061e05ceb5900c0e403c7ec427bd287be24eaa51b0a88b1dd5ed8f1a7aef1869
