# generated by rye
# use `rye lock` or `rye sync` to update this lockfile
#
# last locked with the following flags:
#   pre: true
#   features: []
#   all-features: false
#   with-sources: false
#   generate-hashes: false
#   universal: false

-e file:.
annotated-types==0.7.0
    # via pydantic
backoff==2.2.1
    # via xionpy
bech32==1.2.0
    # via xionpy
certifi==2024.7.4
    # via requests
charset-normalizer==3.3.2
    # via requests
ecdsa==0.19.0
    # via xionpy
grpcio==1.65.5
    # via xionpy
idna==3.7
    # via requests
jaraco-functools==4.0.2
    # via tempora
more-itertools==10.4.0
    # via jaraco-functools
protobuf==5.28.0
    # via xionpy
pycryptodome==3.20.0
    # via xionpy
pydantic==2.8.2
    # via xionpy
pydantic-core==2.20.1
    # via pydantic
python-dateutil==2.9.0.post0
    # via tempora
    # via xionpy
requests==2.32.3
    # via xionpy
six==1.16.0
    # via ecdsa
    # via python-dateutil
tempora==5.7.0
    # via xionpy
typing-extensions==4.12.2
    # via pydantic
    # via pydantic-core
urllib3==2.2.2
    # via requests
